PODS:
  - GCDWebServer (3.5.3):
    - GCDWebServer/Core (= 3.5.3)
  - GCDWebServer/Core (3.5.3)
  - NNPopObjc (1.0.2):
    - NNPopObjc/extobjc (= 1.0.2)
    - NNPopObjc/Public (= 1.0.2)
    - NNPopObjc/Source (= 1.0.2)
  - NNPopObjc/extobjc (1.0.2)
  - NNPopObjc/Public (1.0.2)
  - NNPopObjc/Source (1.0.2):
    - NNPopObjc/extobjc
    - NNPopObjc/Public

DEPENDENCIES:
  - GCDWebServer (= 3.5.3)
  - NNPopObjc (= 1.0.2)

SPEC REPOS:
  trunk:
    - GCDWebServer
    - NNPopObjc

SPEC CHECKSUMS:
  GCDWebServer: c0ab22c73e1b84f358d1e2f74bf6afd1c60829f2
  NNPopObjc: b99cf98bbf33f46710bd3feecc98428c2c0ac91e

PODFILE CHECKSUM: 7988812e49ba190539a601f6ee0d42a04f8f2158

COCOAPODS: 1.8.4
